// !$*UTF8*$!
{
	archiveVersion = 1;
	classes = {
	};
	objectVersion = 50;
	objects = {

/* Begin PBXBuildFile section */
		7DDAD12F38A048B3504A4B36 /* libPods-iOSMVPDemo.a in Frameworks */ = {isa = PBXBuildFile; fileRef = FDAF941EC75A96E74F2292E0 /* libPods-iOSMVPDemo.a */; };
		9C48431924F168C400E3F763 /* AppDelegate.m in Sources */ = {isa = PBXBuildFile; fileRef = 9C48431824F168C400E3F763 /* AppDelegate.m */; };
		9C48431C24F168C400E3F763 /* SceneDelegate.m in Sources */ = {isa = PBXBuildFile; fileRef = 9C48431B24F168C400E3F763 /* SceneDelegate.m */; };
		9C48431F24F168C400E3F763 /* ViewController.m in Sources */ = {isa = PBXBuildFile; fileRef = 9C48431E24F168C400E3F763 /* ViewController.m */; };
		9C48432224F168C400E3F763 /* Main.storyboard in Resources */ = {isa = PBXBuildFile; fileRef = 9C48432024F168C400E3F763 /* Main.storyboard */; };
		9C48432424F168CE00E3F763 /* Assets.xcassets in Resources */ = {isa = PBXBuildFile; fileRef = 9C48432324F168CE00E3F763 /* Assets.xcassets */; };
		9C48432724F168CE00E3F763 /* LaunchScreen.storyboard in Resources */ = {isa = PBXBuildFile; fileRef = 9C48432524F168CE00E3F763 /* LaunchScreen.storyboard */; };
		9C48432A24F168CE00E3F763 /* main.m in Sources */ = {isa = PBXBuildFile; fileRef = 9C48432924F168CE00E3F763 /* main.m */; };
		9C48433524F16CB300E3F763 /* MVPTableView.m in Sources */ = {isa = PBXBuildFile; fileRef = 9C48433424F16CB300E3F763 /* MVPTableView.m */; };
		9C48433824F16CCC00E3F763 /* MVPTableViewCell.m in Sources */ = {isa = PBXBuildFile; fileRef = 9C48433724F16CCC00E3F763 /* MVPTableViewCell.m */; };
		9C48433B24F1705400E3F763 /* Presenter.m in Sources */ = {isa = PBXBuildFile; fileRef = 9C48433A24F1705400E3F763 /* Presenter.m */; };
		9C48433E24F171AC00E3F763 /* UserInfoModel.m in Sources */ = {isa = PBXBuildFile; fileRef = 9C48433D24F171AB00E3F763 /* UserInfoModel.m */; };
/* End PBXBuildFile section */

/* Begin PBXFileReference section */
		3214267CBE6BC68F0F7ED437 /* Pods-iOSMVPDemo.release.xcconfig */ = {isa = PBXFileReference; includeInIndex = 1; lastKnownFileType = text.xcconfig; name = "Pods-iOSMVPDemo.release.xcconfig"; path = "Target Support Files/Pods-iOSMVPDemo/Pods-iOSMVPDemo.release.xcconfig"; sourceTree = "<group>"; };
		961CCD3FA756B1B315EA012E /* Pods-iOSMVPDemo.debug.xcconfig */ = {isa = PBXFileReference; includeInIndex = 1; lastKnownFileType = text.xcconfig; name = "Pods-iOSMVPDemo.debug.xcconfig"; path = "Target Support Files/Pods-iOSMVPDemo/Pods-iOSMVPDemo.debug.xcconfig"; sourceTree = "<group>"; };
		9C48431424F168C400E3F763 /* iOSMVPDemo.app */ = {isa = PBXFileReference; explicitFileType = wrapper.application; includeInIndex = 0; path = iOSMVPDemo.app; sourceTree = BUILT_PRODUCTS_DIR; };
		9C48431724F168C400E3F763 /* AppDelegate.h */ = {isa = PBXFileReference; lastKnownFileType = sourcecode.c.h; path = AppDelegate.h; sourceTree = "<group>"; };
		9C48431824F168C400E3F763 /* AppDelegate.m */ = {isa = PBXFileReference; lastKnownFileType = sourcecode.c.objc; path = AppDelegate.m; sourceTree = "<group>"; };
		9C48431A24F168C400E3F763 /* SceneDelegate.h */ = {isa = PBXFileReference; lastKnownFileType = sourcecode.c.h; path = SceneDelegate.h; sourceTree = "<group>"; };
		9C48431B24F168C400E3F763 /* SceneDelegate.m */ = {isa = PBXFileReference; lastKnownFileType = sourcecode.c.objc; path = SceneDelegate.m; sourceTree = "<group>"; };
		9C48431D24F168C400E3F763 /* ViewController.h */ = {isa = PBXFileReference; lastKnownFileType = sourcecode.c.h; path = ViewController.h; sourceTree = "<group>"; };
		9C48431E24F168C400E3F763 /* ViewController.m */ = {isa = PBXFileReference; lastKnownFileType = sourcecode.c.objc; path = ViewController.m; sourceTree = "<group>"; };
		9C48432124F168C400E3F763 /* Base */ = {isa = PBXFileReference; lastKnownFileType = file.storyboard; name = Base; path = Base.lproj/Main.storyboard; sourceTree = "<group>"; };
		9C48432324F168CE00E3F763 /* Assets.xcassets */ = {isa = PBXFileReference; lastKnownFileType = folder.assetcatalog; path = Assets.xcassets; sourceTree = "<group>"; };
		9C48432624F168CE00E3F763 /* Base */ = {isa = PBXFileReference; lastKnownFileType = file.storyboard; name = Base; path = Base.lproj/LaunchScreen.storyboard; sourceTree = "<group>"; };
		9C48432824F168CE00E3F763 /* Info.plist */ = {isa = PBXFileReference; lastKnownFileType = text.plist.xml; path = Info.plist; sourceTree = "<group>"; };
		9C48432924F168CE00E3F763 /* main.m */ = {isa = PBXFileReference; lastKnownFileType = sourcecode.c.objc; path = main.m; sourceTree = "<group>"; };
		9C48433324F16CB300E3F763 /* MVPTableView.h */ = {isa = PBXFileReference; lastKnownFileType = sourcecode.c.h; path = MVPTableView.h; sourceTree = "<group>"; };
		9C48433424F16CB300E3F763 /* MVPTableView.m */ = {isa = PBXFileReference; lastKnownFileType = sourcecode.c.objc; path = MVPTableView.m; sourceTree = "<group>"; };
		9C48433624F16CCC00E3F763 /* MVPTableViewCell.h */ = {isa = PBXFileReference; lastKnownFileType = sourcecode.c.h; path = MVPTableViewCell.h; sourceTree = "<group>"; };
		9C48433724F16CCC00E3F763 /* MVPTableViewCell.m */ = {isa = PBXFileReference; lastKnownFileType = sourcecode.c.objc; path = MVPTableViewCell.m; sourceTree = "<group>"; };
		9C48433924F1705400E3F763 /* Presenter.h */ = {isa = PBXFileReference; lastKnownFileType = sourcecode.c.h; path = Presenter.h; sourceTree = "<group>"; };
		9C48433A24F1705400E3F763 /* Presenter.m */ = {isa = PBXFileReference; lastKnownFileType = sourcecode.c.objc; path = Presenter.m; sourceTree = "<group>"; };
		9C48433C24F171AB00E3F763 /* UserInfoModel.h */ = {isa = PBXFileReference; lastKnownFileType = sourcecode.c.h; path = UserInfoModel.h; sourceTree = "<group>"; };
		9C48433D24F171AB00E3F763 /* UserInfoModel.m */ = {isa = PBXFileReference; lastKnownFileType = sourcecode.c.objc; path = UserInfoModel.m; sourceTree = "<group>"; };
		9C48433F24F1888E00E3F763 /* PresenterProtocol.h */ = {isa = PBXFileReference; lastKnownFileType = sourcecode.c.h; path = PresenterProtocol.h; sourceTree = "<group>"; };
		FDAF941EC75A96E74F2292E0 /* libPods-iOSMVPDemo.a */ = {isa = PBXFileReference; explicitFileType = archive.ar; includeInIndex = 0; path = "libPods-iOSMVPDemo.a"; sourceTree = BUILT_PRODUCTS_DIR; };
/* End PBXFileReference section */

/* Begin PBXFrameworksBuildPhase section */
		9C48431124F168C400E3F763 /* Frameworks */ = {
			isa = PBXFrameworksBuildPhase;
			buildActionMask = 2147483647;
			files = (
				7DDAD12F38A048B3504A4B36 /* libPods-iOSMVPDemo.a in Frameworks */,
			);
			runOnlyForDeploymentPostprocessing = 0;
		};
/* End PBXFrameworksBuildPhase section */

/* Begin PBXGroup section */
		9C48430B24F168C400E3F763 = {
			isa = PBXGroup;
			children = (
				9C48431624F168C400E3F763 /* iOSMVPDemo */,
				9C48431524F168C400E3F763 /* Products */,
				F83B2C20B55AE3C7C9C00778 /* Pods */,
				FDD866996A4A537CAF32CF3F /* Frameworks */,
			);
			sourceTree = "<group>";
		};
		9C48431524F168C400E3F763 /* Products */ = {
			isa = PBXGroup;
			children = (
				9C48431424F168C400E3F763 /* iOSMVPDemo.app */,
			);
			name = Products;
			sourceTree = "<group>";
		};
		9C48431624F168C400E3F763 /* iOSMVPDemo */ = {
			isa = PBXGroup;
			children = (
				9C48433024F16C1600E3F763 /* M */,
				9C48433124F16C2100E3F763 /* V */,
				9C48433224F16C3700E3F763 /* P */,
				9C48431724F168C400E3F763 /* AppDelegate.h */,
				9C48431824F168C400E3F763 /* AppDelegate.m */,
				9C48431A24F168C400E3F763 /* SceneDelegate.h */,
				9C48431B24F168C400E3F763 /* SceneDelegate.m */,
				9C48432024F168C400E3F763 /* Main.storyboard */,
				9C48432324F168CE00E3F763 /* Assets.xcassets */,
				9C48432524F168CE00E3F763 /* LaunchScreen.storyboard */,
				9C48432824F168CE00E3F763 /* Info.plist */,
				9C48432924F168CE00E3F763 /* main.m */,
			);
			path = iOSMVPDemo;
			sourceTree = "<group>";
		};
		9C48433024F16C1600E3F763 /* M */ = {
			isa = PBXGroup;
			children = (
				9C48433C24F171AB00E3F763 /* UserInfoModel.h */,
				9C48433D24F171AB00E3F763 /* UserInfoModel.m */,
			);
			path = M;
			sourceTree = "<group>";
		};
		9C48433124F16C2100E3F763 /* V */ = {
			isa = PBXGroup;
			children = (
				9C48431D24F168C400E3F763 /* ViewController.h */,
				9C48431E24F168C400E3F763 /* ViewController.m */,
				9C48433324F16CB300E3F763 /* MVPTableView.h */,
				9C48433424F16CB300E3F763 /* MVPTableView.m */,
				9C48433624F16CCC00E3F763 /* MVPTableViewCell.h */,
				9C48433724F16CCC00E3F763 /* MVPTableViewCell.m */,
			);
			path = V;
			sourceTree = "<group>";
		};
		9C48433224F16C3700E3F763 /* P */ = {
			isa = PBXGroup;
			children = (
				9C48433924F1705400E3F763 /* Presenter.h */,
				9C48433A24F1705400E3F763 /* Presenter.m */,
				9C48433F24F1888E00E3F763 /* PresenterProtocol.h */,
			);
			path = P;
			sourceTree = "<group>";
		};
		F83B2C20B55AE3C7C9C00778 /* Pods */ = {
			isa = PBXGroup;
			children = (
				961CCD3FA756B1B315EA012E /* Pods-iOSMVPDemo.debug.xcconfig */,
				3214267CBE6BC68F0F7ED437 /* Pods-iOSMVPDemo.release.xcconfig */,
			);
			path = Pods;
			sourceTree = "<group>";
		};
		FDD866996A4A537CAF32CF3F /* Frameworks */ = {
			isa = PBXGroup;
			children = (
				FDAF941EC75A96E74F2292E0 /* libPods-iOSMVPDemo.a */,
			);
			name = Frameworks;
			sourceTree = "<group>";
		};
/* End PBXGroup section */

/* Begin PBXNativeTarget section */
		9C48431324F168C400E3F763 /* iOSMVPDemo */ = {
			isa = PBXNativeTarget;
			buildConfigurationList = 9C48432D24F168CE00E3F763 /* Build configuration list for PBXNativeTarget "iOSMVPDemo" */;
			buildPhases = (
				C39B49CD2B111F7D9014C25B /* [CP] Check Pods Manifest.lock */,
				9C48431024F168C400E3F763 /* Sources */,
				9C48431124F168C400E3F763 /* Frameworks */,
				9C48431224F168C400E3F763 /* Resources */,
			);
			buildRules = (
			);
			dependencies = (
			);
			name = iOSMVPDemo;
			productName = iOSMVPDemo;
			productReference = 9C48431424F168C400E3F763 /* iOSMVPDemo.app */;
			productType = "com.apple.product-type.application";
		};
/* End PBXNativeTarget section */

/* Begin PBXProject section */
		9C48430C24F168C400E3F763 /* Project object */ = {
			isa = PBXProject;
			attributes = {
				LastUpgradeCheck = 1160;
				ORGANIZATIONNAME = Michael;
				TargetAttributes = {
					9C48431324F168C400E3F763 = {
						CreatedOnToolsVersion = 11.6;
					};
				};
			};
			buildConfigurationList = 9C48430F24F168C400E3F763 /* Build configuration list for PBXProject "iOSMVPDemo" */;
			compatibilityVersion = "Xcode 9.3";
			developmentRegion = en;
			hasScannedForEncodings = 0;
			knownRegions = (
				en,
				Base,
			);
			mainGroup = 9C48430B24F168C400E3F763;
			productRefGroup = 9C48431524F168C400E3F763 /* Products */;
			projectDirPath = "";
			projectRoot = "";
			targets = (
				9C48431324F168C400E3F763 /* iOSMVPDemo */,
			);
		};
/* End PBXProject section */

/* Begin PBXResourcesBuildPhase section */
		9C48431224F168C400E3F763 /* Resources */ = {
			isa = PBXResourcesBuildPhase;
			buildActionMask = 2147483647;
			files = (
				9C48432724F168CE00E3F763 /* LaunchScreen.storyboard in Resources */,
				9C48432424F168CE00E3F763 /* Assets.xcassets in Resources */,
				9C48432224F168C400E3F763 /* Main.storyboard in Resources */,
			);
			runOnlyForDeploymentPostprocessing = 0;
		};
/* End PBXResourcesBuildPhase section */

/* Begin PBXShellScriptBuildPhase section */
		C39B49CD2B111F7D9014C25B /* [CP] Check Pods Manifest.lock */ = {
			isa = PBXShellScriptBuildPhase;
			buildActionMask = 2147483647;
			files = (
			);
			inputFileListPaths = (
			);
			inputPaths = (
				"${PODS_PODFILE_DIR_PATH}/Podfile.lock",
				"${PODS_ROOT}/Manifest.lock",
			);
			name = "[CP] Check Pods Manifest.lock";
			outputFileListPaths = (
			);
			outputPaths = (
				"$(DERIVED_FILE_DIR)/Pods-iOSMVPDemo-checkManifestLockResult.txt",
			);
			runOnlyForDeploymentPostprocessing = 0;
			shellPath = /bin/sh;
			shellScript = "diff \"${PODS_PODFILE_DIR_PATH}/Podfile.lock\" \"${PODS_ROOT}/Manifest.lock\" > /dev/null\nif [ $? != 0 ] ; then\n    # print error to STDERR\n    echo \"error: The sandbox is not in sync with the Podfile.lock. Run 'pod install' or update your CocoaPods installation.\" >&2\n    exit 1\nfi\n# This output is used by Xcode 'outputs' to avoid re-running this script phase.\necho \"SUCCESS\" > \"${SCRIPT_OUTPUT_FILE_0}\"\n";
			showEnvVarsInLog = 0;
		};
/* End PBXShellScriptBuildPhase section */

/* Begin PBXSourcesBuildPhase section */
		9C48431024F168C400E3F763 /* Sources */ = {
			isa = PBXSourcesBuildPhase;
			buildActionMask = 2147483647;
			files = (
				9C48431F24F168C400E3F763 /* ViewController.m in Sources */,
				9C48431924F168C400E3F763 /* AppDelegate.m in Sources */,
				9C48432A24F168CE00E3F763 /* main.m in Sources */,
				9C48433B24F1705400E3F763 /* Presenter.m in Sources */,
				9C48433524F16CB300E3F763 /* MVPTableView.m in Sources */,
				9C48431C24F168C400E3F763 /* SceneDelegate.m in Sources */,
				9C48433E24F171AC00E3F763 /* UserInfoModel.m in Sources */,
				9C48433824F16CCC00E3F763 /* MVPTableViewCell.m in Sources */,
			);
			runOnlyForDeploymentPostprocessing = 0;
		};
/* End PBXSourcesBuildPhase section */

/* Begin PBXVariantGroup section */
		9C48432024F168C400E3F763 /* Main.storyboard */ = {
			isa = PBXVariantGroup;
			children = (
				9C48432124F168C400E3F763 /* Base */,
			);
			name = Main.storyboard;
			sourceTree = "<group>";
		};
		9C48432524F168CE00E3F763 /* LaunchScreen.storyboard */ = {
			isa = PBXVariantGroup;
			children = (
				9C48432624F168CE00E3F763 /* Base */,
			);
			name = LaunchScreen.storyboard;
			sourceTree = "<group>";
		};
/* End PBXVariantGroup section */

/* Begin XCBuildConfiguration section */
		9C48432B24F168CE00E3F763 /* Debug */ = {
			isa = XCBuildConfiguration;
			buildSettings = {
				ALWAYS_SEARCH_USER_PATHS = NO;
				CLANG_ANALYZER_NONNULL = YES;
				CLANG_ANALYZER_NUMBER_OBJECT_CONVERSION = YES_AGGRESSIVE;
				CLANG_CXX_LANGUAGE_STANDARD = "gnu++14";
				CLANG_CXX_LIBRARY = "libc++";
				CLANG_ENABLE_MODULES = YES;
				CLANG_ENABLE_OBJC_ARC = YES;
				CLANG_ENABLE_OBJC_WEAK = YES;
				CLANG_WARN_BLOCK_CAPTURE_AUTORELEASING = YES;
				CLANG_WARN_BOOL_CONVERSION = YES;
				CLANG_WARN_COMMA = YES;
				CLANG_WARN_CONSTANT_CONVERSION = YES;
				CLANG_WARN_DEPRECATED_OBJC_IMPLEMENTATIONS = YES;
				CLANG_WARN_DIRECT_OBJC_ISA_USAGE = YES_ERROR;
				CLANG_WARN_DOCUMENTATION_COMMENTS = YES;
				CLANG_WARN_EMPTY_BODY = YES;
				CLANG_WARN_ENUM_CONVERSION = YES;
				CLANG_WARN_INFINITE_RECURSION = YES;
				CLANG_WARN_INT_CONVERSION = YES;
				CLANG_WARN_NON_LITERAL_NULL_CONVERSION = YES;
				CLANG_WARN_OBJC_IMPLICIT_RETAIN_SELF = YES;
				CLANG_WARN_OBJC_LITERAL_CONVERSION = YES;
				CLANG_WARN_OBJC_ROOT_CLASS = YES_ERROR;
				CLANG_WARN_RANGE_LOOP_ANALYSIS = YES;
				CLANG_WARN_STRICT_PROTOTYPES = YES;
				CLANG_WARN_SUSPICIOUS_MOVE = YES;
				CLANG_WARN_UNGUARDED_AVAILABILITY = YES_AGGRESSIVE;
				CLANG_WARN_UNREACHABLE_CODE = YES;
				CLANG_WARN__DUPLICATE_METHOD_MATCH = YES;
				COPY_PHASE_STRIP = NO;
				DEBUG_INFORMATION_FORMAT = dwarf;
				ENABLE_STRICT_OBJC_MSGSEND = YES;
				ENABLE_TESTABILITY = YES;
				GCC_C_LANGUAGE_STANDARD = gnu11;
				GCC_DYNAMIC_NO_PIC = NO;
				GCC_NO_COMMON_BLOCKS = YES;
				GCC_OPTIMIZATION_LEVEL = 0;
				GCC_PREPROCESSOR_DEFINITIONS = (
					"DEBUG=1",
					"$(inherited)",
				);
				GCC_WARN_64_TO_32_BIT_CONVERSION = YES;
				GCC_WARN_ABOUT_RETURN_TYPE = YES_ERROR;
				GCC_WARN_UNDECLARED_SELECTOR = YES;
				GCC_WARN_UNINITIALIZED_AUTOS = YES_AGGRESSIVE;
				GCC_WARN_UNUSED_FUNCTION = YES;
				GCC_WARN_UNUSED_VARIABLE = YES;
				IPHONEOS_DEPLOYMENT_TARGET = 13.6;
				MTL_ENABLE_DEBUG_INFO = INCLUDE_SOURCE;
				MTL_FAST_MATH = YES;
				ONLY_ACTIVE_ARCH = YES;
				SDKROOT = iphoneos;
			};
			name = Debug;
		};
		9C48432C24F168CE00E3F763 /* Release */ = {
			isa = XCBuildConfiguration;
			buildSettings = {
				ALWAYS_SEARCH_USER_PATHS = NO;
				CLANG_ANALYZER_NONNULL = YES;
				CLANG_ANALYZER_NUMBER_OBJECT_CONVERSION = YES_AGGRESSIVE;
				CLANG_CXX_LANGUAGE_STANDARD = "gnu++14";
				CLANG_CXX_LIBRARY = "libc++";
				CLANG_ENABLE_MODULES = YES;
				CLANG_ENABLE_OBJC_ARC = YES;
				CLANG_ENABLE_OBJC_WEAK = YES;
				CLANG_WARN_BLOCK_CAPTURE_AUTORELEASING = YES;
				CLANG_WARN_BOOL_CONVERSION = YES;
				CLANG_WARN_COMMA = YES;
				CLANG_WARN_CONSTANT_CONVERSION = YES;
				CLANG_WARN_DEPRECATED_OBJC_IMPLEMENTATIONS = YES;
				CLANG_WARN_DIRECT_OBJC_ISA_USAGE = YES_ERROR;
				CLANG_WARN_DOCUMENTATION_COMMENTS = YES;
				CLANG_WARN_EMPTY_BODY = YES;
				CLANG_WARN_ENUM_CONVERSION = YES;
				CLANG_WARN_INFINITE_RECURSION = YES;
				CLANG_WARN_INT_CONVERSION = YES;
				CLANG_WARN_NON_LITERAL_NULL_CONVERSION = YES;
				CLANG_WARN_OBJC_IMPLICIT_RETAIN_SELF = YES;
				CLANG_WARN_OBJC_LITERAL_CONVERSION = YES;
				CLANG_WARN_OBJC_ROOT_CLASS = YES_ERROR;
				CLANG_WARN_RANGE_LOOP_ANALYSIS = YES;
				CLANG_WARN_STRICT_PROTOTYPES = YES;
				CLANG_WARN_SUSPICIOUS_MOVE = YES;
				CLANG_WARN_UNGUARDED_AVAILABILITY = YES_AGGRESSIVE;
				CLANG_WARN_UNREACHABLE_CODE = YES;
				CLANG_WARN__DUPLICATE_METHOD_MATCH = YES;
				COPY_PHASE_STRIP = NO;
				DEBUG_INFORMATION_FORMAT = "dwarf-with-dsym";
				ENABLE_NS_ASSERTIONS = NO;
				ENABLE_STRICT_OBJC_MSGSEND = YES;
				GCC_C_LANGUAGE_STANDARD = gnu11;
				GCC_NO_COMMON_BLOCKS = YES;
				GCC_WARN_64_TO_32_BIT_CONVERSION = YES;
				GCC_WARN_ABOUT_RETURN_TYPE = YES_ERROR;
				GCC_WARN_UNDECLARED_SELECTOR = YES;
				GCC_WARN_UNINITIALIZED_AUTOS = YES_AGGRESSIVE;
				GCC_WARN_UNUSED_FUNCTION = YES;
				GCC_WARN_UNUSED_VARIABLE = YES;
				IPHONEOS_DEPLOYMENT_TARGET = 13.6;
				MTL_ENABLE_DEBUG_INFO = NO;
				MTL_FAST_MATH = YES;
				SDKROOT = iphoneos;
				VALIDATE_PRODUCT = YES;
			};
			name = Release;
		};
		9C48432E24F168CE00E3F763 /* Debug */ = {
			isa = XCBuildConfiguration;
			baseConfigurationReference = 961CCD3FA756B1B315EA012E /* Pods-iOSMVPDemo.debug.xcconfig */;
			buildSettings = {
				ASSETCATALOG_COMPILER_APPICON_NAME = AppIcon;
				CODE_SIGN_STYLE = Automatic;
				DEVELOPMENT_TEAM = ZRL58ZH65T;
				INFOPLIST_FILE = iOSMVPDemo/Info.plist;
				IPHONEOS_DEPLOYMENT_TARGET = 13.6;
				LD_RUNPATH_SEARCH_PATHS = (
					"$(inherited)",
					"@executable_path/Frameworks",
				);
				PRODUCT_BUNDLE_IDENTIFIER = Michael.iOSMVPDemo;
				PRODUCT_NAME = "$(TARGET_NAME)";
				TARGETED_DEVICE_FAMILY = "1,2";
			};
			name = Debug;
		};
		9C48432F24F168CE00E3F763 /* Release */ = {
			isa = XCBuildConfiguration;
			baseConfigurationReference = 3214267CBE6BC68F0F7ED437 /* Pods-iOSMVPDemo.release.xcconfig */;
			buildSettings = {
				ASSETCATALOG_COMPILER_APPICON_NAME = AppIcon;
				CODE_SIGN_STYLE = Automatic;
				DEVELOPMENT_TEAM = ZRL58ZH65T;
				INFOPLIST_FILE = iOSMVPDemo/Info.plist;
				IPHONEOS_DEPLOYMENT_TARGET = 13.6;
				LD_RUNPATH_SEARCH_PATHS = (
					"$(inherited)",
					"@executable_path/Frameworks",
				);
				PRODUCT_BUNDLE_IDENTIFIER = Michael.iOSMVPDemo;
				PRODUCT_NAME = "$(TARGET_NAME)";
				TARGETED_DEVICE_FAMILY = "1,2";
			};
			name = Release;
		};
/* End XCBuildConfiguration section */

/* Begin XCConfigurationList section */
		9C48430F24F168C400E3F763 /* Build configuration list for PBXProject "iOSMVPDemo" */ = {
			isa = XCConfigurationList;
			buildConfigurations = (
				9C48432B24F168CE00E3F763 /* Debug */,
				9C48432C24F168CE00E3F763 /* Release */,
			);
			defaultConfigurationIsVisible = 0;
			defaultConfigurationName = Release;
		};
		9C48432D24F168CE00E3F763 /* Build configuration list for PBXNativeTarget "iOSMVPDemo" */ = {
			isa = XCConfigurationList;
			buildConfigurations = (
				9C48432E24F168CE00E3F763 /* Debug */,
				9C48432F24F168CE00E3F763 /* Release */,
			);
			defaultConfigurationIsVisible = 0;
			defaultConfigurationName = Release;
		};
/* End XCConfigurationList section */
	};
	rootObject = 9C48430C24F168C400E3F763 /* Project object */;
}
